// !$*UTF8*$!
{
	archiveVersion = 1;
	classes = {
	};
	objectVersion = 50;
	objects = {

/* Begin PBXBuildFile section */
		CB3E4158241751E50049BE95 /* ImageCollectionViewCell.swift in Sources */ = {isa = PBXBuildFile; fileRef = CB3E4157241751E50049BE95 /* ImageCollectionViewCell.swift */; };
		CB3E415A2417A7E00049BE95 /* AddImageCollectionViewCell.swift in Sources */ = {isa = PBXBuildFile; fileRef = CB3E41592417A7E00049BE95 /* AddImageCollectionViewCell.swift */; };
		CB8C3840241694BC00796897 /* IngredientsTableViewCell.swift in Sources */ = {isa = PBXBuildFile; fileRef = CB8C383F241694BC00796897 /* IngredientsTableViewCell.swift */; };
		CB8C3842241694C900796897 /* NameTableViewCell.swift in Sources */ = {isa = PBXBuildFile; fileRef = CB8C3841241694C900796897 /* NameTableViewCell.swift */; };
		CB8C38442417463E00796897 /* ImageTableViewCell.swift in Sources */ = {isa = PBXBuildFile; fileRef = CB8C38432417463E00796897 /* ImageTableViewCell.swift */; };
		CBAA340E2416041E00475C6A /* AppDelegate.swift in Sources */ = {isa = PBXBuildFile; fileRef = CBAA340D2416041E00475C6A /* AppDelegate.swift */; };
		CBAA34102416041E00475C6A /* SceneDelegate.swift in Sources */ = {isa = PBXBuildFile; fileRef = CBAA340F2416041E00475C6A /* SceneDelegate.swift */; };
		CBAA34152416041E00475C6A /* Main.storyboard in Resources */ = {isa = PBXBuildFile; fileRef = CBAA34132416041E00475C6A /* Main.storyboard */; };
		CBAA34172416042000475C6A /* Assets.xcassets in Resources */ = {isa = PBXBuildFile; fileRef = CBAA34162416042000475C6A /* Assets.xcassets */; };
		CBAA341A2416042000475C6A /* LaunchScreen.storyboard in Resources */ = {isa = PBXBuildFile; fileRef = CBAA34182416042000475C6A /* LaunchScreen.storyboard */; };
		CBAA3422241604DE00475C6A /* recipetypes.xml in Resources */ = {isa = PBXBuildFile; fileRef = CBAA3421241604DE00475C6A /* recipetypes.xml */; };
		CBAA34252416063500475C6A /* RecipeType.swift in Sources */ = {isa = PBXBuildFile; fileRef = CBAA34242416063500475C6A /* RecipeType.swift */; };
		CBAA342724160BD500475C6A /* RecipePickerTableViewController.swift in Sources */ = {isa = PBXBuildFile; fileRef = CBAA342624160BD500475C6A /* RecipePickerTableViewController.swift */; };
		CBAA34292416230900475C6A /* Recipe.swift in Sources */ = {isa = PBXBuildFile; fileRef = CBAA34282416230900475C6A /* Recipe.swift */; };
		CBAA342B2416315C00475C6A /* AddRecipeTableViewController.swift in Sources */ = {isa = PBXBuildFile; fileRef = CBAA342A2416315C00475C6A /* AddRecipeTableViewController.swift */; };
		CBAA34352416629100475C6A /* CookingStepTableViewCell.swift in Sources */ = {isa = PBXBuildFile; fileRef = CBAA34342416629100475C6A /* CookingStepTableViewCell.swift */; };
		CBAA343824166B2100475C6A /* RecipeTypeTableViewCell.swift in Sources */ = {isa = PBXBuildFile; fileRef = CBAA343724166B2100475C6A /* RecipeTypeTableViewCell.swift */; };
		CBAA343A24166D6000475C6A /* RecipeTypeTableViewController.swift in Sources */ = {isa = PBXBuildFile; fileRef = CBAA343924166D6000475C6A /* RecipeTypeTableViewController.swift */; };
		CBFBAAD92418332100A7ABC0 /* SaveModelHelper.swift in Sources */ = {isa = PBXBuildFile; fileRef = CBFBAAD82418332100A7ABC0 /* SaveModelHelper.swift */; };
/* End PBXBuildFile section */

/* Begin PBXFileReference section */
		CB3E4157241751E50049BE95 /* ImageCollectionViewCell.swift */ = {isa = PBXFileReference; lastKnownFileType = sourcecode.swift; name = ImageCollectionViewCell.swift; path = RecipePicker/Controller/ImageCollectionViewCell.swift; sourceTree = SOURCE_ROOT; };
		CB3E41592417A7E00049BE95 /* AddImageCollectionViewCell.swift */ = {isa = PBXFileReference; lastKnownFileType = sourcecode.swift; path = AddImageCollectionViewCell.swift; sourceTree = "<group>"; };
		CB8C383F241694BC00796897 /* IngredientsTableViewCell.swift */ = {isa = PBXFileReference; lastKnownFileType = sourcecode.swift; path = IngredientsTableViewCell.swift; sourceTree = "<group>"; };
		CB8C3841241694C900796897 /* NameTableViewCell.swift */ = {isa = PBXFileReference; lastKnownFileType = sourcecode.swift; path = NameTableViewCell.swift; sourceTree = "<group>"; };
		CB8C38432417463E00796897 /* ImageTableViewCell.swift */ = {isa = PBXFileReference; lastKnownFileType = sourcecode.swift; path = ImageTableViewCell.swift; sourceTree = "<group>"; };
		CBAA340A2416041E00475C6A /* RecipePicker.app */ = {isa = PBXFileReference; explicitFileType = wrapper.application; includeInIndex = 0; path = RecipePicker.app; sourceTree = BUILT_PRODUCTS_DIR; };
		CBAA340D2416041E00475C6A /* AppDelegate.swift */ = {isa = PBXFileReference; lastKnownFileType = sourcecode.swift; path = AppDelegate.swift; sourceTree = "<group>"; };
		CBAA340F2416041E00475C6A /* SceneDelegate.swift */ = {isa = PBXFileReference; lastKnownFileType = sourcecode.swift; path = SceneDelegate.swift; sourceTree = "<group>"; };
		CBAA34142416041E00475C6A /* Base */ = {isa = PBXFileReference; lastKnownFileType = file.storyboard; name = Base; path = Base.lproj/Main.storyboard; sourceTree = "<group>"; };
		CBAA34162416042000475C6A /* Assets.xcassets */ = {isa = PBXFileReference; lastKnownFileType = folder.assetcatalog; path = Assets.xcassets; sourceTree = "<group>"; };
		CBAA34192416042000475C6A /* Base */ = {isa = PBXFileReference; lastKnownFileType = file.storyboard; name = Base; path = Base.lproj/LaunchScreen.storyboard; sourceTree = "<group>"; };
		CBAA3421241604DE00475C6A /* recipetypes.xml */ = {isa = PBXFileReference; lastKnownFileType = text.xml; path = recipetypes.xml; sourceTree = "<group>"; };
		CBAA34242416063500475C6A /* RecipeType.swift */ = {isa = PBXFileReference; lastKnownFileType = sourcecode.swift; path = RecipeType.swift; sourceTree = "<group>"; };
		CBAA342624160BD500475C6A /* RecipePickerTableViewController.swift */ = {isa = PBXFileReference; lastKnownFileType = sourcecode.swift; path = RecipePickerTableViewController.swift; sourceTree = "<group>"; };
		CBAA34282416230900475C6A /* Recipe.swift */ = {isa = PBXFileReference; lastKnownFileType = sourcecode.swift; path = Recipe.swift; sourceTree = "<group>"; };
		CBAA342A2416315C00475C6A /* AddRecipeTableViewController.swift */ = {isa = PBXFileReference; lastKnownFileType = sourcecode.swift; path = AddRecipeTableViewController.swift; sourceTree = "<group>"; };
		CBAA34342416629100475C6A /* CookingStepTableViewCell.swift */ = {isa = PBXFileReference; lastKnownFileType = sourcecode.swift; path = CookingStepTableViewCell.swift; sourceTree = "<group>"; };
		CBAA343724166B2100475C6A /* RecipeTypeTableViewCell.swift */ = {isa = PBXFileReference; lastKnownFileType = sourcecode.swift; path = RecipeTypeTableViewCell.swift; sourceTree = "<group>"; };
		CBAA343924166D6000475C6A /* RecipeTypeTableViewController.swift */ = {isa = PBXFileReference; lastKnownFileType = sourcecode.swift; path = RecipeTypeTableViewController.swift; sourceTree = "<group>"; };
		CBFBAAD82418332100A7ABC0 /* SaveModelHelper.swift */ = {isa = PBXFileReference; lastKnownFileType = sourcecode.swift; name = SaveModelHelper.swift; path = RecipePicker/Controller/SaveModelHelper.swift; sourceTree = SOURCE_ROOT; };
/* End PBXFileReference section */

/* Begin PBXFrameworksBuildPhase section */
		CBAA34072416041E00475C6A /* Frameworks */ = {
			isa = PBXFrameworksBuildPhase;
			buildActionMask = 2147483647;
			files = (
			);
			runOnlyForDeploymentPostprocessing = 0;
		};
/* End PBXFrameworksBuildPhase section */

/* Begin PBXGroup section */
		CBAA34012416041E00475C6A = {
			isa = PBXGroup;
			children = (
				CBAA340C2416041E00475C6A /* RecipePicker */,
				CBAA340B2416041E00475C6A /* Products */,
			);
			sourceTree = "<group>";
		};
		CBAA340B2416041E00475C6A /* Products */ = {
			isa = PBXGroup;
			children = (
				CBAA340A2416041E00475C6A /* RecipePicker.app */,
			);
			name = Products;
			sourceTree = "<group>";
		};
		CBAA340C2416041E00475C6A /* RecipePicker */ = {
			isa = PBXGroup;
			children = (
				CBAA3423241604EF00475C6A /* Supporting files */,
				CBAA342D2416398F00475C6A /* Controller */,
				CBAA34132416041E00475C6A /* Main.storyboard */,
				CBAA34362416694800475C6A /* View */,
				CBAA342C2416397D00475C6A /* Model */,
			);
			path = RecipePicker;
			sourceTree = "<group>";
		};
		CBAA3423241604EF00475C6A /* Supporting files */ = {
			isa = PBXGroup;
			children = (
				CBAA340D2416041E00475C6A /* AppDelegate.swift */,
				CBAA340F2416041E00475C6A /* SceneDelegate.swift */,
				CBAA34162416042000475C6A /* Assets.xcassets */,
				CBAA34182416042000475C6A /* LaunchScreen.storyboard */,
			);
			path = "Supporting files";
			sourceTree = "<group>";
		};
		CBAA342C2416397D00475C6A /* Model */ = {
			isa = PBXGroup;
			children = (
				CBFBAAD82418332100A7ABC0 /* SaveModelHelper.swift */,
				CBAA3421241604DE00475C6A /* recipetypes.xml */,
				CBAA34242416063500475C6A /* RecipeType.swift */,
				CBAA34282416230900475C6A /* Recipe.swift */,
			);
			path = Model;
			sourceTree = "<group>";
		};
		CBAA342D2416398F00475C6A /* Controller */ = {
			isa = PBXGroup;
			children = (
				CBAA342624160BD500475C6A /* RecipePickerTableViewController.swift */,
				CBAA342A2416315C00475C6A /* AddRecipeTableViewController.swift */,
				CBAA343924166D6000475C6A /* RecipeTypeTableViewController.swift */,
			);
			path = Controller;
			sourceTree = "<group>";
		};
		CBAA34362416694800475C6A /* View */ = {
			isa = PBXGroup;
			children = (
				CB3E4157241751E50049BE95 /* ImageCollectionViewCell.swift */,
				CB3E41592417A7E00049BE95 /* AddImageCollectionViewCell.swift */,
				CBAA343724166B2100475C6A /* RecipeTypeTableViewCell.swift */,
				CBAA34342416629100475C6A /* CookingStepTableViewCell.swift */,
				CB8C383F241694BC00796897 /* IngredientsTableViewCell.swift */,
				CB8C3841241694C900796897 /* NameTableViewCell.swift */,
				CB8C38432417463E00796897 /* ImageTableViewCell.swift */,
			);
			path = View;
			sourceTree = "<group>";
		};
/* End PBXGroup section */

/* Begin PBXNativeTarget section */
		CBAA34092416041E00475C6A /* RecipePicker */ = {
			isa = PBXNativeTarget;
			buildConfigurationList = CBAA341E2416042000475C6A /* Build configuration list for PBXNativeTarget "RecipePicker" */;
			buildPhases = (
				CBAA34062416041E00475C6A /* Sources */,
				CBAA34072416041E00475C6A /* Frameworks */,
				CBAA34082416041E00475C6A /* Resources */,
			);
			buildRules = (
			);
			dependencies = (
			);
			name = RecipePicker;
			productName = RecipePicker;
			productReference = CBAA340A2416041E00475C6A /* RecipePicker.app */;
			productType = "com.apple.product-type.application";
		};
/* End PBXNativeTarget section */

/* Begin PBXProject section */
		CBAA34022416041E00475C6A /* Project object */ = {
			isa = PBXProject;
			attributes = {
				LastSwiftUpdateCheck = 1120;
				LastUpgradeCheck = 1120;
				ORGANIZATIONNAME = "Muhaimie Mazlah";
				TargetAttributes = {
					CBAA34092416041E00475C6A = {
						CreatedOnToolsVersion = 11.2;
					};
				};
			};
			buildConfigurationList = CBAA34052416041E00475C6A /* Build configuration list for PBXProject "RecipePicker" */;
			compatibilityVersion = "Xcode 9.3";
			developmentRegion = en;
			hasScannedForEncodings = 0;
			knownRegions = (
				en,
				Base,
			);
			mainGroup = CBAA34012416041E00475C6A;
			productRefGroup = CBAA340B2416041E00475C6A /* Products */;
			projectDirPath = "";
			projectRoot = "";
			targets = (
				CBAA34092416041E00475C6A /* RecipePicker */,
			);
		};
/* End PBXProject section */

/* Begin PBXResourcesBuildPhase section */
		CBAA34082416041E00475C6A /* Resources */ = {
			isa = PBXResourcesBuildPhase;
			buildActionMask = 2147483647;
			files = (
				CBAA341A2416042000475C6A /* LaunchScreen.storyboard in Resources */,
				CBAA34172416042000475C6A /* Assets.xcassets in Resources */,
				CBAA34152416041E00475C6A /* Main.storyboard in Resources */,
				CBAA3422241604DE00475C6A /* recipetypes.xml in Resources */,
			);
			runOnlyForDeploymentPostprocessing = 0;
		};
/* End PBXResourcesBuildPhase section */

/* Begin PBXSourcesBuildPhase section */
		CBAA34062416041E00475C6A /* Sources */ = {
			isa = PBXSourcesBuildPhase;
			buildActionMask = 2147483647;
			files = (
				CB8C3840241694BC00796897 /* IngredientsTableViewCell.swift in Sources */,
				CBAA342B2416315C00475C6A /* AddRecipeTableViewController.swift in Sources */,
				CB3E415A2417A7E00049BE95 /* AddImageCollectionViewCell.swift in Sources */,
				CB3E4158241751E50049BE95 /* ImageCollectionViewCell.swift in Sources */,
				CBAA340E2416041E00475C6A /* AppDelegate.swift in Sources */,
				CBAA34102416041E00475C6A /* SceneDelegate.swift in Sources */,
				CBAA343A24166D6000475C6A /* RecipeTypeTableViewController.swift in Sources */,
				CB8C3842241694C900796897 /* NameTableViewCell.swift in Sources */,
				CBAA342724160BD500475C6A /* RecipePickerTableViewController.swift in Sources */,
				CBAA34252416063500475C6A /* RecipeType.swift in Sources */,
				CBFBAAD92418332100A7ABC0 /* SaveModelHelper.swift in Sources */,
				CBAA343824166B2100475C6A /* RecipeTypeTableViewCell.swift in Sources */,
				CB8C38442417463E00796897 /* ImageTableViewCell.swift in Sources */,
				CBAA34352416629100475C6A /* CookingStepTableViewCell.swift in Sources */,
				CBAA34292416230900475C6A /* Recipe.swift in Sources */,
			);
			runOnlyForDeploymentPostprocessing = 0;
		};
/* End PBXSourcesBuildPhase section */

/* Begin PBXVariantGroup section */
		CBAA34132416041E00475C6A /* Main.storyboard */ = {
			isa = PBXVariantGroup;
			children = (
				CBAA34142416041E00475C6A /* Base */,
			);
			name = Main.storyboard;
			sourceTree = "<group>";
		};
		CBAA34182416042000475C6A /* LaunchScreen.storyboard */ = {
			isa = PBXVariantGroup;
			children = (
				CBAA34192416042000475C6A /* Base */,
			);
			name = LaunchScreen.storyboard;
			sourceTree = "<group>";
		};
/* End PBXVariantGroup section */

/* Begin XCBuildConfiguration section */
		CBAA341C2416042000475C6A /* Debug */ = {
			isa = XCBuildConfiguration;
			buildSettings = {
				ALWAYS_SEARCH_USER_PATHS = NO;
				CLANG_ANALYZER_NONNULL = YES;
				CLANG_ANALYZER_NUMBER_OBJECT_CONVERSION = YES_AGGRESSIVE;
				CLANG_CXX_LANGUAGE_STANDARD = "gnu++14";
				CLANG_CXX_LIBRARY = "libc++";
				CLANG_ENABLE_MODULES = YES;
				CLANG_ENABLE_OBJC_ARC = YES;
				CLANG_ENABLE_OBJC_WEAK = YES;
				CLANG_WARN_BLOCK_CAPTURE_AUTORELEASING = YES;
				CLANG_WARN_BOOL_CONVERSION = YES;
				CLANG_WARN_COMMA = YES;
				CLANG_WARN_CONSTANT_CONVERSION = YES;
				CLANG_WARN_DEPRECATED_OBJC_IMPLEMENTATIONS = YES;
				CLANG_WARN_DIRECT_OBJC_ISA_USAGE = YES_ERROR;
				CLANG_WARN_DOCUMENTATION_COMMENTS = YES;
				CLANG_WARN_EMPTY_BODY = YES;
				CLANG_WARN_ENUM_CONVERSION = YES;
				CLANG_WARN_INFINITE_RECURSION = YES;
				CLANG_WARN_INT_CONVERSION = YES;
				CLANG_WARN_NON_LITERAL_NULL_CONVERSION = YES;
				CLANG_WARN_OBJC_IMPLICIT_RETAIN_SELF = YES;
				CLANG_WARN_OBJC_LITERAL_CONVERSION = YES;
				CLANG_WARN_OBJC_ROOT_CLASS = YES_ERROR;
				CLANG_WARN_RANGE_LOOP_ANALYSIS = YES;
				CLANG_WARN_STRICT_PROTOTYPES = YES;
				CLANG_WARN_SUSPICIOUS_MOVE = YES;
				CLANG_WARN_UNGUARDED_AVAILABILITY = YES_AGGRESSIVE;
				CLANG_WARN_UNREACHABLE_CODE = YES;
				CLANG_WARN__DUPLICATE_METHOD_MATCH = YES;
				COPY_PHASE_STRIP = NO;
				DEBUG_INFORMATION_FORMAT = dwarf;
				ENABLE_STRICT_OBJC_MSGSEND = YES;
				ENABLE_TESTABILITY = YES;
				GCC_C_LANGUAGE_STANDARD = gnu11;
				GCC_DYNAMIC_NO_PIC = NO;
				GCC_NO_COMMON_BLOCKS = YES;
				GCC_OPTIMIZATION_LEVEL = 0;
				GCC_PREPROCESSOR_DEFINITIONS = (
					"DEBUG=1",
					"$(inherited)",
				);
				GCC_WARN_64_TO_32_BIT_CONVERSION = YES;
				GCC_WARN_ABOUT_RETURN_TYPE = YES_ERROR;
				GCC_WARN_UNDECLARED_SELECTOR = YES;
				GCC_WARN_UNINITIALIZED_AUTOS = YES_AGGRESSIVE;
				GCC_WARN_UNUSED_FUNCTION = YES;
				GCC_WARN_UNUSED_VARIABLE = YES;
				IPHONEOS_DEPLOYMENT_TARGET = 13.2;
				MTL_ENABLE_DEBUG_INFO = INCLUDE_SOURCE;
				MTL_FAST_MATH = YES;
				ONLY_ACTIVE_ARCH = YES;
				SDKROOT = iphoneos;
				SWIFT_ACTIVE_COMPILATION_CONDITIONS = DEBUG;
				SWIFT_OPTIMIZATION_LEVEL = "-Onone";
			};
			name = Debug;
		};
		CBAA341D2416042000475C6A /* Release */ = {
			isa = XCBuildConfiguration;
			buildSettings = {
				ALWAYS_SEARCH_USER_PATHS = NO;
				CLANG_ANALYZER_NONNULL = YES;
				CLANG_ANALYZER_NUMBER_OBJECT_CONVERSION = YES_AGGRESSIVE;
				CLANG_CXX_LANGUAGE_STANDARD = "gnu++14";
				CLANG_CXX_LIBRARY = "libc++";
				CLANG_ENABLE_MODULES = YES;
				CLANG_ENABLE_OBJC_ARC = YES;
				CLANG_ENABLE_OBJC_WEAK = YES;
				CLANG_WARN_BLOCK_CAPTURE_AUTORELEASING = YES;
				CLANG_WARN_BOOL_CONVERSION = YES;
				CLANG_WARN_COMMA = YES;
				CLANG_WARN_CONSTANT_CONVERSION = YES;
				CLANG_WARN_DEPRECATED_OBJC_IMPLEMENTATIONS = YES;
				CLANG_WARN_DIRECT_OBJC_ISA_USAGE = YES_ERROR;
				CLANG_WARN_DOCUMENTATION_COMMENTS = YES;
				CLANG_WARN_EMPTY_BODY = YES;
				CLANG_WARN_ENUM_CONVERSION = YES;
				CLANG_WARN_INFINITE_RECURSION = YES;
				CLANG_WARN_INT_CONVERSION = YES;
				CLANG_WARN_NON_LITERAL_NULL_CONVERSION = YES;
				CLANG_WARN_OBJC_IMPLICIT_RETAIN_SELF = YES;
				CLANG_WARN_OBJC_LITERAL_CONVERSION = YES;
				CLANG_WARN_OBJC_ROOT_CLASS = YES_ERROR;
				CLANG_WARN_RANGE_LOOP_ANALYSIS = YES;
				CLANG_WARN_STRICT_PROTOTYPES = YES;
				CLANG_WARN_SUSPICIOUS_MOVE = YES;
				CLANG_WARN_UNGUARDED_AVAILABILITY = YES_AGGRESSIVE;
				CLANG_WARN_UNREACHABLE_CODE = YES;
				CLANG_WARN__DUPLICATE_METHOD_MATCH = YES;
				COPY_PHASE_STRIP = NO;
				DEBUG_INFORMATION_FORMAT = "dwarf-with-dsym";
				ENABLE_NS_ASSERTIONS = NO;
				ENABLE_STRICT_OBJC_MSGSEND = YES;
				GCC_C_LANGUAGE_STANDARD = gnu11;
				GCC_NO_COMMON_BLOCKS = YES;
				GCC_WARN_64_TO_32_BIT_CONVERSION = YES;
				GCC_WARN_ABOUT_RETURN_TYPE = YES_ERROR;
				GCC_WARN_UNDECLARED_SELECTOR = YES;
				GCC_WARN_UNINITIALIZED_AUTOS = YES_AGGRESSIVE;
				GCC_WARN_UNUSED_FUNCTION = YES;
				GCC_WARN_UNUSED_VARIABLE = YES;
				IPHONEOS_DEPLOYMENT_TARGET = 13.2;
				MTL_ENABLE_DEBUG_INFO = NO;
				MTL_FAST_MATH = YES;
				SDKROOT = iphoneos;
				SWIFT_COMPILATION_MODE = wholemodule;
				SWIFT_OPTIMIZATION_LEVEL = "-O";
				VALIDATE_PRODUCT = YES;
			};
			name = Release;
		};
		CBAA341F2416042000475C6A /* Debug */ = {
			isa = XCBuildConfiguration;
			buildSettings = {
				ASSETCATALOG_COMPILER_APPICON_NAME = AppIcon;
				CODE_SIGN_STYLE = Automatic;
				DEVELOPMENT_TEAM = PRDM6A6K9V;
				INFOPLIST_FILE = RecipePicker/Info.plist;
				LD_RUNPATH_SEARCH_PATHS = (
					"$(inherited)",
					"@executable_path/Frameworks",
				);
				PRODUCT_BUNDLE_IDENTIFIER = muhaimie.com.RecipePicker;
				PRODUCT_NAME = "$(TARGET_NAME)";
				SWIFT_VERSION = 5.0;
				TARGETED_DEVICE_FAMILY = 1;
			};
			name = Debug;
		};
		CBAA34202416042000475C6A /* Release */ = {
			isa = XCBuildConfiguration;
			buildSettings = {
				ASSETCATALOG_COMPILER_APPICON_NAME = AppIcon;
				CODE_SIGN_STYLE = Automatic;
				DEVELOPMENT_TEAM = PRDM6A6K9V;
				INFOPLIST_FILE = RecipePicker/Info.plist;
				LD_RUNPATH_SEARCH_PATHS = (
					"$(inherited)",
					"@executable_path/Frameworks",
				);
				PRODUCT_BUNDLE_IDENTIFIER = muhaimie.com.RecipePicker;
				PRODUCT_NAME = "$(TARGET_NAME)";
				SWIFT_VERSION = 5.0;
				TARGETED_DEVICE_FAMILY = 1;
			};
			name = Release;
		};
/* End XCBuildConfiguration section */

/* Begin XCConfigurationList section */
		CBAA34052416041E00475C6A /* Build configuration list for PBXProject "RecipePicker" */ = {
			isa = XCConfigurationList;
			buildConfigurations = (
				CBAA341C2416042000475C6A /* Debug */,
				CBAA341D2416042000475C6A /* Release */,
			);
			defaultConfigurationIsVisible = 0;
			defaultConfigurationName = Release;
		};
		CBAA341E2416042000475C6A /* Build configuration list for PBXNativeTarget "RecipePicker" */ = {
			isa = XCConfigurationList;
			buildConfigurations = (
				CBAA341F2416042000475C6A /* Debug */,
				CBAA34202416042000475C6A /* Release */,
			);
			defaultConfigurationIsVisible = 0;
			defaultConfigurationName = Release;
		};
/* End XCConfigurationList section */
	};
	rootObject = CBAA34022416041E00475C6A /* Project object */;
}
